<?xml version="1.0" encoding="utf-8"?>
<Project ToolsVersion="4.0" xmlns="http://schemas.microsoft.com/developer/msbuild/2003">
  <ItemGroup>
    <ClCompile Include="..\..\src\dv2520\main.cpp" />
    <ClCompile Include="..\..\src\dv2520\Util.cpp" />
    <ClCompile Include="..\..\src\dv2520\Dv2520.cpp" />
    <ClCompile Include="..\..\src\dv2520\Win.cpp" />
    <ClCompile Include="..\..\src\dv2520\Dx.cpp">
      <Filter>Dx</Filter>
    </ClCompile>
    <ClCompile Include="..\..\src\dv2520\Fx.cpp">
      <Filter>Dx</Filter>
    </ClCompile>
    <ClCompile Include="..\..\src\dv2520\FxCs.cpp">
      <Filter>Dx</Filter>
    </ClCompile>
    <ClCompile Include="..\..\src\dv2520\Buf.cpp">
      <Filter>Dx\Buf</Filter>
    </ClCompile>
    <ClCompile Include="..\..\src\dv2520\BufUav.cpp">
      <Filter>Dx\Buf</Filter>
    </ClCompile>
    <ClCompile Include="..\..\src\dv2520\CogD3d.cpp">
      <Filter>Dx</Filter>
    </ClCompile>
    <ClCompile Include="..\..\src\dv2520\CogFx.cpp">
      <Filter>Dx</Filter>
    </ClCompile>
    <ClCompile Include="..\..\src\dv2520\ExceptionDv2520.cpp" />
    <ClCompile Include="..\..\src\dv2520\Timer.cpp" />
    <ClCompile Include="..\..\src\dv2520\TimerDelta.cpp" />
    <ClCompile Include="..\..\src\dv2520\Cam.cpp" />
    <ClCompile Include="..\..\src\dv2520\MathSimple.cpp" />
    <ClCompile Include="..\..\src\dv2520\CogCb.cpp">
      <Filter>Dx</Filter>
    </ClCompile>
    <ClCompile Include="..\..\src\dv2520\Cb.cpp">
      <Filter>Dx</Filter>
    </ClCompile>
    <ClCompile Include="..\..\src\dv2520\Input.cpp" />
    <ClCompile Include="..\..\src\dv2520\InputQueue.cpp" />
    <ClCompile Include="..\..\src\dv2520\Ant.cpp" />
    <ClCompile Include="..\..\src\dv2520\TimerD3d.cpp">
      <Filter>Dx</Filter>
    </ClCompile>
    <ClCompile Include="..\..\src\dv2520\Obj.cpp">
      <Filter>Dx\IO</Filter>
    </ClCompile>
    <ClCompile Include="..\..\src\dv2520\RdrObj.cpp">
      <Filter>Dx\IO</Filter>
    </ClCompile>
    <ClCompile Include="..\..\src\dv2520\BufSrv.cpp">
      <Filter>Dx\Buf</Filter>
    </ClCompile>
    <ClCompile Include="..\..\src\dv2520\ObjFace.cpp">
      <Filter>Dx\IO</Filter>
    </ClCompile>
    <ClCompile Include="..\..\src\dv2520\CogTex.cpp">
      <Filter>Dx</Filter>
    </ClCompile>
    <ClCompile Include="..\..\lib\dv2520\DDSTextureLoader\include\DDSTextureLoader.cpp">
      <Filter>lib</Filter>
    </ClCompile>
    <ClCompile Include="..\..\src\dv2520\CogSS.cpp">
      <Filter>Dx</Filter>
    </ClCompile>
  </ItemGroup>
  <ItemGroup>
    <ClInclude Include="..\..\src\dv2520\stdafx.h" />
    <ClInclude Include="..\..\src\dv2520\Util.h" />
    <ClInclude Include="..\..\src\dv2520\Dv2520.h" />
    <ClInclude Include="..\..\src\dv2520\Win.h" />
    <ClInclude Include="..\..\src\dv2520\Dx.h">
      <Filter>Dx</Filter>
    </ClInclude>
    <ClInclude Include="..\..\src\dv2520\Fx.h">
      <Filter>Dx</Filter>
    </ClInclude>
    <ClInclude Include="..\..\src\dv2520\FxCs.h">
      <Filter>Dx</Filter>
    </ClInclude>
    <ClInclude Include="..\..\src\dv2520\BufUav.h">
      <Filter>Dx\Buf</Filter>
    </ClInclude>
    <ClInclude Include="..\..\src\dv2520\Buf.h">
      <Filter>Dx\Buf</Filter>
    </ClInclude>
    <ClInclude Include="..\..\src\dv2520\CogD3d.h">
      <Filter>Dx</Filter>
    </ClInclude>
    <ClInclude Include="..\..\src\dv2520\CogFx.h">
      <Filter>Dx</Filter>
    </ClInclude>
    <ClInclude Include="..\..\src\dv2520\ExceptionDv2520.h" />
    <ClInclude Include="..\..\src\dv2520\Timer.h" />
    <ClInclude Include="..\..\src\dv2520\TimerDelta.h" />
    <ClInclude Include="..\..\src\dv2520\Cam.h" />
    <ClInclude Include="..\..\src\dv2520\MathSimple.h" />
    <ClInclude Include="..\..\src\dv2520\Cbs.h">
      <Filter>Dx</Filter>
    </ClInclude>
    <ClInclude Include="..\..\src\dv2520\CogCb.h">
      <Filter>Dx</Filter>
    </ClInclude>
    <ClInclude Include="..\..\src\dv2520\Cb.h">
      <Filter>Dx</Filter>
    </ClInclude>
    <ClInclude Include="..\..\src\dv2520\Intersection.h">
      <Filter>Dx</Filter>
    </ClInclude>
    <ClInclude Include="..\..\src\dv2520\Ray.h">
      <Filter>Dx</Filter>
    </ClInclude>
    <ClInclude Include="..\..\src\dv2520\Vertex.h">
      <Filter>Dx</Filter>
    </ClInclude>
    <ClInclude Include="..\..\src\dv2520\Input.h" />
    <ClInclude Include="..\..\src\dv2520\InputQueue.h" />
    <ClInclude Include="..\..\src\dv2520\Singleton.h" />
    <ClInclude Include="..\..\src\dv2520\Ant.h" />
    <ClInclude Include="..\..\src\dv2520\TimerD3d.h">
      <Filter>Dx</Filter>
    </ClInclude>
    <ClInclude Include="..\..\src\dv2520\Obj.h">
      <Filter>Dx\IO</Filter>
    </ClInclude>
    <ClInclude Include="..\..\src\dv2520\RdrObj.h">
      <Filter>Dx\IO</Filter>
    </ClInclude>
    <ClInclude Include="..\..\src\dv2520\BufSrv.h">
      <Filter>Dx\Buf</Filter>
    </ClInclude>
    <ClInclude Include="..\..\src\dv2520\ObjFace.h">
      <Filter>Dx\IO</Filter>
    </ClInclude>
    <ClInclude Include="..\..\src\dv2520\CogTex.h">
      <Filter>Dx</Filter>
    </ClInclude>
    <ClInclude Include="..\..\lib\dv2520\DDSTextureLoader\include\DDSTextureLoader.h">
      <Filter>lib</Filter>
    </ClInclude>
    <ClInclude Include="..\..\src\dv2520\CogSS.h">
      <Filter>Dx</Filter>
    </ClInclude>
    <ClInclude Include="..\..\src\dv2520\BufStream.h">
      <Filter>Dx\Buf</Filter>
    </ClInclude>
    <ClInclude Include="..\..\src\dv2520\BufStreamSrv.h">
      <Filter>Dx\Buf</Filter>
    </ClInclude>
    <ClInclude Include="..\..\src\dv2520\ObjInstance.h">
      <Filter>Dx</Filter>
    </ClInclude>
  </ItemGroup>
  <ItemGroup>
    <Filter Include="Dx">
      <UniqueIdentifier>{563156b1-52b9-48ab-a86a-d857fe31465f}</UniqueIdentifier>
    </Filter>
    <Filter Include="Dx\Buf">
      <UniqueIdentifier>{fee822fa-0297-4763-8504-6a575944ae8b}</UniqueIdentifier>
    </Filter>
    <Filter Include="Fxs">
      <UniqueIdentifier>{4a4af484-e8bb-4ce3-833a-b54b476c8da4}</UniqueIdentifier>
    </Filter>
    <Filter Include="Fxs\Cs">
      <UniqueIdentifier>{4515f496-47d7-4859-9548-c9d976f7ea77}</UniqueIdentifier>
    </Filter>
    <Filter Include="Dx\IO">
      <UniqueIdentifier>{98f834e3-cb3e-47e1-91fa-2380100739eb}</UniqueIdentifier>
    </Filter>
    <Filter Include="lib">
      <UniqueIdentifier>{6eef1891-0c44-4435-91e1-46ba31baf98b}</UniqueIdentifier>
    </Filter>
  </ItemGroup>
  <ItemGroup>
    <FxCompile Include="..\..\fxs\Common.fx">
      <Filter>Fxs</Filter>
    </FxCompile>
    <FxCompile Include="..\..\fxs\Ray.fx">
      <Filter>Fxs</Filter>
    </FxCompile>
    <FxCompile Include="..\..\fxs\CsRaysIntersect.fx">
      <Filter>Fxs\Cs</Filter>
    </FxCompile>
    <FxCompile Include="..\..\fxs\CsLighting.fx">
      <Filter>Fxs\Cs</Filter>
    </FxCompile>
    <FxCompile Include="..\..\fxs\CsRaysGenerate.fx">
      <Filter>Fxs\Cs</Filter>
    </FxCompile>
    <FxCompile Include="..\..\fxs\Intersection.fx">
      <Filter>Fxs</Filter>
    </FxCompile>
    <FxCompile Include="..\..\fxs\Vertex.fx">
      <Filter>Fxs</Filter>
    </FxCompile>
    <FxCompile Include="..\..\fxs\ObjInstance.fx">
      <Filter>Fxs</Filter>
    </FxCompile>
  </ItemGroup>
</Project>